
Microsoft Visual Studio Solution File, Format Version 12.00
# Visual Studio 14
VisualStudioVersion = 14.0.25420.1
MinimumVisualStudioVersion = 10.0.40219.1
Project("{FAE04EC0-301F-11D3-BF4B-00C04F79EFBC}") = "TeamFinder.Droid", "TeamFinder\TeamFinder.Droid\TeamFinder.Droid.csproj", "{EE6F8744-13AA-4D51-AACC-45A0634C4604}"
EndProject
Project("{FAE04EC0-301F-11D3-BF4B-00C04F79EFBC}") = "TeamFinder.iOS", "TeamFinder\TeamFinder.iOS\TeamFinder.iOS.csproj", "{3D77DF1B-BCED-44BE-A04A-4D38D6A930F8}"
EndProject
Project("{FAE04EC0-301F-11D3-BF4B-00C04F79EFBC}") = "TeamFinder.WinPhone", "TeamFinder\TeamFinder.WinPhone\TeamFinder.WinPhone.csproj", "{F211CFBC-FB1F-4C75-BDEF-0B865EC49C15}"
EndProject
Project("{FAE04EC0-301F-11D3-BF4B-00C04F79EFBC}") = "TeamFinder", "TeamFinder\TeamFinder\TeamFinder.csproj", "{186521B2-A5B2-4FC9-B480-1109C5382A05}"
EndProject
Global
	GlobalSection(SolutionConfigurationPlatforms) = preSolution
		Debug|Any CPU = Debug|Any CPU
		Debug|ARM = Debug|ARM
		Debug|iPhone = Debug|iPhone
		Debug|iPhoneSimulator = Debug|iPhoneSimulator
		Debug|x86 = Debug|x86
		Release|Any CPU = Release|Any CPU
		Release|ARM = Release|ARM
		Release|iPhone = Release|iPhone
		Release|iPhoneSimulator = Release|iPhoneSimulator
		Release|x86 = Release|x86
	EndGlobalSection
	GlobalSection(ProjectConfigurationPlatforms) = postSolution
		{EE6F8744-13AA-4D51-AACC-45A0634C4604}.Debug|Any CPU.ActiveCfg = Debug|Any CPU
		{EE6F8744-13AA-4D51-AACC-45A0634C4604}.Debug|Any CPU.Build.0 = Debug|Any CPU
		{EE6F8744-13AA-4D51-AACC-45A0634C4604}.Debug|Any CPU.Deploy.0 = Debug|Any CPU
		{EE6F8744-13AA-4D51-AACC-45A0634C4604}.Debug|ARM.ActiveCfg = Debug|Any CPU
		{EE6F8744-13AA-4D51-AACC-45A0634C4604}.Debug|ARM.Build.0 = Debug|Any CPU
		{EE6F8744-13AA-4D51-AACC-45A0634C4604}.Debug|ARM.Deploy.0 = Debug|Any CPU
		{EE6F8744-13AA-4D51-AACC-45A0634C4604}.Debug|iPhone.ActiveCfg = Debug|Any CPU
		{EE6F8744-13AA-4D51-AACC-45A0634C4604}.Debug|iPhone.Build.0 = Debug|Any CPU
		{EE6F8744-13AA-4D51-AACC-45A0634C4604}.Debug|iPhone.Deploy.0 = Debug|Any CPU
		{EE6F8744-13AA-4D51-AACC-45A0634C4604}.Debug|iPhoneSimulator.ActiveCfg = Debug|Any CPU
		{EE6F8744-13AA-4D51-AACC-45A0634C4604}.Debug|iPhoneSimulator.Build.0 = Debug|Any CPU
		{EE6F8744-13AA-4D51-AACC-45A0634C4604}.Debug|iPhoneSimulator.Deploy.0 = Debug|Any CPU
		{EE6F8744-13AA-4D51-AACC-45A0634C4604}.Debug|x86.ActiveCfg = Debug|Any CPU
		{EE6F8744-13AA-4D51-AACC-45A0634C4604}.Debug|x86.Build.0 = Debug|Any CPU
		{EE6F8744-13AA-4D51-AACC-45A0634C4604}.Debug|x86.Deploy.0 = Debug|Any CPU
		{EE6F8744-13AA-4D51-AACC-45A0634C4604}.Release|Any CPU.ActiveCfg = Release|Any CPU
		{EE6F8744-13AA-4D51-AACC-45A0634C4604}.Release|Any CPU.Build.0 = Release|Any CPU
		{EE6F8744-13AA-4D51-AACC-45A0634C4604}.Release|Any CPU.Deploy.0 = Release|Any CPU
		{EE6F8744-13AA-4D51-AACC-45A0634C4604}.Release|ARM.ActiveCfg = Release|Any CPU
		{EE6F8744-13AA-4D51-AACC-45A0634C4604}.Release|ARM.Build.0 = Release|Any CPU
		{EE6F8744-13AA-4D51-AACC-45A0634C4604}.Release|ARM.Deploy.0 = Release|Any CPU
		{EE6F8744-13AA-4D51-AACC-45A0634C4604}.Release|iPhone.ActiveCfg = Release|Any CPU
		{EE6F8744-13AA-4D51-AACC-45A0634C4604}.Release|iPhone.Build.0 = Release|Any CPU
		{EE6F8744-13AA-4D51-AACC-45A0634C4604}.Release|iPhone.Deploy.0 = Release|Any CPU
		{EE6F8744-13AA-4D51-AACC-45A0634C4604}.Release|iPhoneSimulator.ActiveCfg = Release|Any CPU
		{EE6F8744-13AA-4D51-AACC-45A0634C4604}.Release|iPhoneSimulator.Build.0 = Release|Any CPU
		{EE6F8744-13AA-4D51-AACC-45A0634C4604}.Release|iPhoneSimulator.Deploy.0 = Release|Any CPU
		{EE6F8744-13AA-4D51-AACC-45A0634C4604}.Release|x86.ActiveCfg = Release|Any CPU
		{EE6F8744-13AA-4D51-AACC-45A0634C4604}.Release|x86.Build.0 = Release|Any CPU
		{EE6F8744-13AA-4D51-AACC-45A0634C4604}.Release|x86.Deploy.0 = Release|Any CPU
		{3D77DF1B-BCED-44BE-A04A-4D38D6A930F8}.Debug|Any CPU.ActiveCfg = Debug|iPhone
		{3D77DF1B-BCED-44BE-A04A-4D38D6A930F8}.Debug|ARM.ActiveCfg = Debug|iPhone
		{3D77DF1B-BCED-44BE-A04A-4D38D6A930F8}.Debug|iPhone.ActiveCfg = Debug|iPhone
		{3D77DF1B-BCED-44BE-A04A-4D38D6A930F8}.Debug|iPhone.Build.0 = Debug|iPhone
		{3D77DF1B-BCED-44BE-A04A-4D38D6A930F8}.Debug|iPhoneSimulator.ActiveCfg = Debug|iPhoneSimulator
		{3D77DF1B-BCED-44BE-A04A-4D38D6A930F8}.Debug|iPhoneSimulator.Build.0 = Debug|iPhoneSimulator
		{3D77DF1B-BCED-44BE-A04A-4D38D6A930F8}.Debug|x86.ActiveCfg = Debug|iPhone
		{3D77DF1B-BCED-44BE-A04A-4D38D6A930F8}.Release|Any CPU.ActiveCfg = Release|iPhone
		{3D77DF1B-BCED-44BE-A04A-4D38D6A930F8}.Release|ARM.ActiveCfg = Release|iPhone
		{3D77DF1B-BCED-44BE-A04A-4D38D6A930F8}.Release|iPhone.ActiveCfg = Release|iPhone
		{3D77DF1B-BCED-44BE-A04A-4D38D6A930F8}.Release|iPhone.Build.0 = Release|iPhone
		{3D77DF1B-BCED-44BE-A04A-4D38D6A930F8}.Release|iPhoneSimulator.ActiveCfg = Release|iPhoneSimulator
		{3D77DF1B-BCED-44BE-A04A-4D38D6A930F8}.Release|iPhoneSimulator.Build.0 = Release|iPhoneSimulator
		{3D77DF1B-BCED-44BE-A04A-4D38D6A930F8}.Release|x86.ActiveCfg = Release|iPhone
		{F211CFBC-FB1F-4C75-BDEF-0B865EC49C15}.Debug|Any CPU.ActiveCfg = Debug|Any CPU
		{F211CFBC-FB1F-4C75-BDEF-0B865EC49C15}.Debug|Any CPU.Build.0 = Debug|Any CPU
		{F211CFBC-FB1F-4C75-BDEF-0B865EC49C15}.Debug|Any CPU.Deploy.0 = Debug|Any CPU
		{F211CFBC-FB1F-4C75-BDEF-0B865EC49C15}.Debug|ARM.ActiveCfg = Debug|ARM
		{F211CFBC-FB1F-4C75-BDEF-0B865EC49C15}.Debug|ARM.Build.0 = Debug|ARM
		{F211CFBC-FB1F-4C75-BDEF-0B865EC49C15}.Debug|ARM.Deploy.0 = Debug|ARM
		{F211CFBC-FB1F-4C75-BDEF-0B865EC49C15}.Debug|iPhone.ActiveCfg = Debug|Any CPU
		{F211CFBC-FB1F-4C75-BDEF-0B865EC49C15}.Debug|iPhone.Build.0 = Debug|Any CPU
		{F211CFBC-FB1F-4C75-BDEF-0B865EC49C15}.Debug|iPhone.Deploy.0 = Debug|Any CPU
		{F211CFBC-FB1F-4C75-BDEF-0B865EC49C15}.Debug|iPhoneSimulator.ActiveCfg = Debug|Any CPU
		{F211CFBC-FB1F-4C75-BDEF-0B865EC49C15}.Debug|iPhoneSimulator.Build.0 = Debug|Any CPU
		{F211CFBC-FB1F-4C75-BDEF-0B865EC49C15}.Debug|iPhoneSimulator.Deploy.0 = Debug|Any CPU
		{F211CFBC-FB1F-4C75-BDEF-0B865EC49C15}.Debug|x86.ActiveCfg = Debug|x86
		{F211CFBC-FB1F-4C75-BDEF-0B865EC49C15}.Debug|x86.Build.0 = Debug|x86
		{F211CFBC-FB1F-4C75-BDEF-0B865EC49C15}.Debug|x86.Deploy.0 = Debug|x86
		{F211CFBC-FB1F-4C75-BDEF-0B865EC49C15}.Release|Any CPU.ActiveCfg = Release|Any CPU
		{F211CFBC-FB1F-4C75-BDEF-0B865EC49C15}.Release|Any CPU.Build.0 = Release|Any CPU
		{F211CFBC-FB1F-4C75-BDEF-0B865EC49C15}.Release|Any CPU.Deploy.0 = Release|Any CPU
		{F211CFBC-FB1F-4C75-BDEF-0B865EC49C15}.Release|ARM.ActiveCfg = Release|ARM
		{F211CFBC-FB1F-4C75-BDEF-0B865EC49C15}.Release|ARM.Build.0 = Release|ARM
		{F211CFBC-FB1F-4C75-BDEF-0B865EC49C15}.Release|ARM.Deploy.0 = Release|ARM
		{F211CFBC-FB1F-4C75-BDEF-0B865EC49C15}.Release|iPhone.ActiveCfg = Release|Any CPU
		{F211CFBC-FB1F-4C75-BDEF-0B865EC49C15}.Release|iPhone.Build.0 = Release|Any CPU
		{F211CFBC-FB1F-4C75-BDEF-0B865EC49C15}.Release|iPhone.Deploy.0 = Release|Any CPU
		{F211CFBC-FB1F-4C75-BDEF-0B865EC49C15}.Release|iPhoneSimulator.ActiveCfg = Release|Any CPU
		{F211CFBC-FB1F-4C75-BDEF-0B865EC49C15}.Release|iPhoneSimulator.Build.0 = Release|Any CPU
		{F211CFBC-FB1F-4C75-BDEF-0B865EC49C15}.Release|iPhoneSimulator.Deploy.0 = Release|Any CPU
		{F211CFBC-FB1F-4C75-BDEF-0B865EC49C15}.Release|x86.ActiveCfg = Release|x86
		{F211CFBC-FB1F-4C75-BDEF-0B865EC49C15}.Release|x86.Build.0 = Release|x86
		{F211CFBC-FB1F-4C75-BDEF-0B865EC49C15}.Release|x86.Deploy.0 = Release|x86
		{186521B2-A5B2-4FC9-B480-1109C5382A05}.Debug|Any CPU.ActiveCfg = Debug|Any CPU
		{186521B2-A5B2-4FC9-B480-1109C5382A05}.Debug|Any CPU.Build.0 = Debug|Any CPU
		{186521B2-A5B2-4FC9-B480-1109C5382A05}.Debug|ARM.ActiveCfg = Debug|Any CPU
		{186521B2-A5B2-4FC9-B480-1109C5382A05}.Debug|ARM.Build.0 = Debug|Any CPU
		{186521B2-A5B2-4FC9-B480-1109C5382A05}.Debug|iPhone.ActiveCfg = Debug|Any CPU
		{186521B2-A5B2-4FC9-B480-1109C5382A05}.Debug|iPhone.Build.0 = Debug|Any CPU
		{186521B2-A5B2-4FC9-B480-1109C5382A05}.Debug|iPhoneSimulator.ActiveCfg = Debug|Any CPU
		{186521B2-A5B2-4FC9-B480-1109C5382A05}.Debug|iPhoneSimulator.Build.0 = Debug|Any CPU
		{186521B2-A5B2-4FC9-B480-1109C5382A05}.Debug|x86.ActiveCfg = Debug|Any CPU
		{186521B2-A5B2-4FC9-B480-1109C5382A05}.Debug|x86.Build.0 = Debug|Any CPU
		{186521B2-A5B2-4FC9-B480-1109C5382A05}.Release|Any CPU.ActiveCfg = Release|Any CPU
		{186521B2-A5B2-4FC9-B480-1109C5382A05}.Release|Any CPU.Build.0 = Release|Any CPU
		{186521B2-A5B2-4FC9-B480-1109C5382A05}.Release|ARM.ActiveCfg = Release|Any CPU
		{186521B2-A5B2-4FC9-B480-1109C5382A05}.Release|ARM.Build.0 = Release|Any CPU
		{186521B2-A5B2-4FC9-B480-1109C5382A05}.Release|iPhone.ActiveCfg = Release|Any CPU
		{186521B2-A5B2-4FC9-B480-1109C5382A05}.Release|iPhone.Build.0 = Release|Any CPU
		{186521B2-A5B2-4FC9-B480-1109C5382A05}.Release|iPhoneSimulator.ActiveCfg = Release|Any CPU
		{186521B2-A5B2-4FC9-B480-1109C5382A05}.Release|iPhoneSimulator.Build.0 = Release|Any CPU
		{186521B2-A5B2-4FC9-B480-1109C5382A05}.Release|x86.ActiveCfg = Release|Any CPU
		{186521B2-A5B2-4FC9-B480-1109C5382A05}.Release|x86.Build.0 = Release|Any CPU
	EndGlobalSection
	GlobalSection(SolutionProperties) = preSolution
		HideSolutionNode = FALSE
	EndGlobalSection
EndGlobal
